# This file is automatically @generated by Cargo.
# It is not intended for manual editing.
version = 4

[[package]]
name = "adapters"
version = "0.1.0"
dependencies = [
 "common",
 "contracts-kafka",
 "domain",
]

[[package]]
name = "application"
version = "0.1.0"
dependencies = [
 "common",
 "domain",
]

[[package]]
name = "bootstrap"
version = "0.1.0"
dependencies = [
 "adapters",
 "application",
 "common",
 "contracts-kafka",
]

[[package]]
name = "common"
version = "0.1.0"

[[package]]
name = "contracts-kafka"
version = "0.1.0"

[[package]]
name = "domain"
version = "0.1.0"

[[package]]
name = "tests"
version = "0.1.0"
dependencies = [
 "adapters",
 "application",
 "common",
 "contracts-kafka",
 "domain",
]
